
Microsoft Visual Studio Solution File, Format Version 12.00
# Visual Studio 15
VisualStudioVersion = 15.0.28307.421
MinimumVisualStudioVersion = 10.0.40219.1
Project("{9A19103F-16F7-4668-BE54-9A1E7A4F7556}") = "elasticSearch", "elasticSearch\elasticSearch.csproj", "{31DD9508-AFB1-4513-B32A-F0E3F00A0E47}"
EndProject
Project("{9A19103F-16F7-4668-BE54-9A1E7A4F7556}") = "mongoDB", "mongoDB\mongoDB.csproj", "{1B295F93-CF37-40FE-87A2-3169A03492D4}"
EndProject
Global
	GlobalSection(SolutionConfigurationPlatforms) = preSolution
		Debug|Any CPU = Debug|Any CPU
		Release|Any CPU = Release|Any CPU
	EndGlobalSection
	GlobalSection(ProjectConfigurationPlatforms) = postSolution
		{31DD9508-AFB1-4513-B32A-F0E3F00A0E47}.Debug|Any CPU.ActiveCfg = Debug|Any CPU
		{31DD9508-AFB1-4513-B32A-F0E3F00A0E47}.Debug|Any CPU.Build.0 = Debug|Any CPU
		{31DD9508-AFB1-4513-B32A-F0E3F00A0E47}.Release|Any CPU.ActiveCfg = Release|Any CPU
		{31DD9508-AFB1-4513-B32A-F0E3F00A0E47}.Release|Any CPU.Build.0 = Release|Any CPU
		{1B295F93-CF37-40FE-87A2-3169A03492D4}.Debug|Any CPU.ActiveCfg = Debug|Any CPU
		{1B295F93-CF37-40FE-87A2-3169A03492D4}.Debug|Any CPU.Build.0 = Debug|Any CPU
		{1B295F93-CF37-40FE-87A2-3169A03492D4}.Release|Any CPU.ActiveCfg = Release|Any CPU
		{1B295F93-CF37-40FE-87A2-3169A03492D4}.Release|Any CPU.Build.0 = Release|Any CPU
	EndGlobalSection
	GlobalSection(SolutionProperties) = preSolution
		HideSolutionNode = FALSE
	EndGlobalSection
	GlobalSection(ExtensibilityGlobals) = postSolution
		SolutionGuid = {B4CDAAEB-30BC-4AB4-BF49-5C2F48737C60}
	EndGlobalSection
EndGlobal
